lockfileVersion: 5.4

specifiers:
  pixi.js: 5.2.4
  typescript: ^4.9.3

dependencies:
  pixi.js: 5.2.4

devDependencies:
  typescript: 4.9.3

packages:

  /@pixi/accessibility/5.2.4:
    resolution: {integrity: sha512-NaHYuUqD4vmYRTvleQpR2Rc7mYHgreX+WYCXYa8gQghoTa1J1zfbFvYJaby3gubuVmNG2eyzjlKIVUeIrVuJCg==}
    dependencies:
      '@pixi/core': 5.2.4
      '@pixi/display': 5.2.4
      '@pixi/utils': 5.2.4
    dev: false

  /@pixi/app/5.2.4:
    resolution: {integrity: sha512-3BSp1uZJUnctTqsvmVqIRXwS0Uq2GInVvWmrZQF7+6O5neADVX4Ba7ENh7CnmuPXnMPmwxt1788I20aUi3ld1Q==}
    dependencies:
      '@pixi/core': 5.2.4
      '@pixi/display': 5.2.4
    dev: false

  /@pixi/constants/5.2.4:
    resolution: {integrity: sha512-+sMfU57VTQb5DkDtndCBg3PzyC8NxZJvg/R76tuopkZZ5AgI4aAE6hNMs0JzvalzYNIampzwpdZ1gz5UKvL1dQ==}
    dev: false

  /@pixi/core/5.2.4:
    resolution: {integrity: sha512-3RXoqtMqCGZFDLNiBp1l6HAnnNvKsCn3D4m3NvrrIhcaPFxD8bSPZaHEaTq6BaStOGWhpofRy+RLtFfYciQLiA==}
    dependencies:
      '@pixi/constants': 5.2.4
      '@pixi/display': 5.2.4
      '@pixi/math': 5.2.4
      '@pixi/runner': 5.2.4
      '@pixi/settings': 5.2.4
      '@pixi/ticker': 5.2.4
      '@pixi/utils': 5.2.4
    dev: false

  /@pixi/display/5.2.4:
    resolution: {integrity: sha512-VndYAcumBeHCJuUZ4HaCTFZ4+T7Ncemam9FcAsMqlu3P9BCu8LMuARv0lLKWIV0jz+nBF7qKzLfpJoNYF64Mgw==}
    dependencies:
      '@pixi/math': 5.2.4
      '@pixi/settings': 5.2.4
      '@pixi/utils': 5.2.4
    dev: false

  /@pixi/extract/5.2.4:
    resolution: {integrity: sha512-en9ZIa+9k0owQxQPj5U5jT1GaDAAqOn5mlF6Pn6xXOkRi8npUnpj1zpNtcG0kn8ZMufJVmyyI33lMl6NPzLzsQ==}
    dependencies:
      '@pixi/core': 5.2.4
      '@pixi/math': 5.2.4
      '@pixi/utils': 5.2.4
    dev: false

  /@pixi/filter-alpha/5.2.4:
    resolution: {integrity: sha512-WdQyqPUM60z16pXH+aAWwy/Xrfx/Qgb9kf3GRAQq77WsxbrFVY/DGfakxNa+jDuSlS4fBIKx66iLnoLlOzA6iQ==}
    dependencies:
      '@pixi/core': 5.2.4
    dev: false

  /@pixi/filter-blur/5.2.4:
    resolution: {integrity: sha512-9uDr7QIRpuhxdZsO76AddIP2x2MbcQvErQjmjQEfLsectbCLdkRWjHPoLzFfARb58lNzT0Pe5EMVPI91usa1pA==}
    dependencies:
      '@pixi/core': 5.2.4
      '@pixi/settings': 5.2.4
    dev: false

  /@pixi/filter-color-matrix/5.2.4:
    resolution: {integrity: sha512-3JQVtKb43SLticOWhIoWWykNCh2MK/wb4/p88LYew3kAUyfA2glZ+t2moYC3HAye3tsrc155go6m7Hqabpl/yQ==}
    dependencies:
      '@pixi/core': 5.2.4
    dev: false

  /@pixi/filter-displacement/5.2.4:
    resolution: {integrity: sha512-nDQ6PcVbHcs0EJu5chtqzI6gF92K34JgfUSrr5pnLwwzbwr2/KQjgRPyRXLLv2rj/HU8pzNLzqRXBWP4qewu6w==}
    dependencies:
      '@pixi/core': 5.2.4
      '@pixi/math': 5.2.4
    dev: false

  /@pixi/filter-fxaa/5.2.4:
    resolution: {integrity: sha512-sikOIA6iw/9MejbFL6AZqO6KP9l6QyXYUH2RQVk7zGG75aps4zVXPHgUnz9aT1YASuaWBVP9+ViQPdW2NM5a6g==}
    dependencies:
      '@pixi/core': 5.2.4
    dev: false

  /@pixi/filter-noise/5.2.4:
    resolution: {integrity: sha512-VcI16NVwrFIDRlLke+BZQid96rKxysTavL/qexa7uHxnxxOwdXthpBA/uOQ6eNde4DJyeBAhnyldUM9ydPeOXQ==}
    dependencies:
      '@pixi/core': 5.2.4
    dev: false

  /@pixi/graphics/5.2.4:
    resolution: {integrity: sha512-jASQ2M9+Zzm4GmBE+h6lw30xY/0N1GjAn2Dxd8LJZoeeUjAoVQYbN1CavecPGMRW/Rd0QkkHB5B8iWqZX2Uuxg==}
    dependencies:
      '@pixi/constants': 5.2.4
      '@pixi/core': 5.2.4
      '@pixi/display': 5.2.4
      '@pixi/math': 5.2.4
      '@pixi/sprite': 5.2.4
      '@pixi/utils': 5.2.4
    dev: false

  /@pixi/interaction/5.2.4:
    resolution: {integrity: sha512-c6EzDRcCFmixpRuwY4xIr9I0ppxmkp8b8mP3qSwvMkY5vsMXazhshhtw0SwTA5mdG6vGV93DnZIevFr+qLvA/Q==}
    dependencies:
      '@pixi/core': 5.2.4
      '@pixi/display': 5.2.4
      '@pixi/math': 5.2.4
      '@pixi/ticker': 5.2.4
      '@pixi/utils': 5.2.4
    dev: false

  /@pixi/loaders/5.2.4:
    resolution: {integrity: sha512-MeQd59+sB1ZGhpKGY0w3Ef8cFiWm/yv22MDVM3Hqg1VCu81NjiUrJUGUGALIU8CXI3NfiT+J1zyddslmyJJZjQ==}
    dependencies:
      '@pixi/core': 5.2.4
      '@pixi/utils': 5.2.4
      resource-loader: 3.0.1
    dev: false

  /@pixi/math/5.2.4:
    resolution: {integrity: sha512-X7tRbNYuc8c/2GyUhe7togF5rflyU4k9ny8aRmvmIHZsJGFU0w+DmCSCnrHm7b6sQvhu6pXQPGQUADPOBtvb+g==}
    dev: false

  /@pixi/mesh-extras/5.2.4:
    resolution: {integrity: sha512-WQ7H5K4TMeAQyiUJfzZ5UuKY0GF+6JHazhaAc2DhnF5gz2CdvmL0qOiQ4Dad21+VfKzbhC66fP2YfvMHIrWRuw==}
    dependencies:
      '@pixi/constants': 5.2.4
      '@pixi/core': 5.2.4
      '@pixi/math': 5.2.4
      '@pixi/mesh': 5.2.4
      '@pixi/utils': 5.2.4
    dev: false

  /@pixi/mesh/5.2.4:
    resolution: {integrity: sha512-OS/KcPgftOh6eE4ZHyC3dCc8nNbOXOq0Va69kwUTfHZLi63vjz03hXiYY/KRJ4tds9+/zCjLeLoBBglqLBBuvg==}
    dependencies:
      '@pixi/constants': 5.2.4
      '@pixi/core': 5.2.4
      '@pixi/display': 5.2.4
      '@pixi/math': 5.2.4
      '@pixi/settings': 5.2.4
      '@pixi/utils': 5.2.4
    dev: false

  /@pixi/mixin-cache-as-bitmap/5.2.4:
    resolution: {integrity: sha512-Ec/GgqFbE3upEnLDfHCoKzGulozLRCRRXpzD3bS4uHjiZfOOdSYuPKb+UGSxvntAkEUv9k+AKff2+pEPLf15ag==}
    dependencies:
      '@pixi/core': 5.2.4
      '@pixi/display': 5.2.4
      '@pixi/math': 5.2.4
      '@pixi/settings': 5.2.4
      '@pixi/sprite': 5.2.4
      '@pixi/utils': 5.2.4
    dev: false

  /@pixi/mixin-get-child-by-name/5.2.4:
    resolution: {integrity: sha512-ykAtO1T1q1nC/VFl2ieB2ivhoCmD7NU5mAvCp3sd1nx1bTnAXuwPkg6IAxvSkGMkDdL1rzmHBFS3SsggLs6GGg==}
    dependencies:
      '@pixi/display': 5.2.4
    dev: false

  /@pixi/mixin-get-global-position/5.2.4:
    resolution: {integrity: sha512-JX3QD3kbxIabnAz+IJxzdO4NWipwiUbMg9ByrPs4Ni/4d8L62DnPG6DFwqbmMA+jsHDHpC1g+ITVpz6Slf0CcQ==}
    dependencies:
      '@pixi/display': 5.2.4
      '@pixi/math': 5.2.4
    dev: false

  /@pixi/particles/5.2.4:
    resolution: {integrity: sha512-jjr63o1R0OVXKafmmrYLKxCDqqcfdZcwn2dPn4c22QCtRhIBclyFfcupXnIgDaV4WA9V+exa69+enE5pPEboRw==}
    dependencies:
      '@pixi/constants': 5.2.4
      '@pixi/core': 5.2.4
      '@pixi/display': 5.2.4
      '@pixi/math': 5.2.4
      '@pixi/utils': 5.2.4
    dev: false

  /@pixi/polyfill/5.2.4:
    resolution: {integrity: sha512-XCb1xnRxtGT3ZuvtNVmKrSNszpyuMRtGufqpD0fou3BhonWFscCXZfCvx+vVTSJcztJ4tfP3H7BeatY6dc72Ag==}
    dependencies:
      es6-promise-polyfill: 1.2.0
      object-assign: 4.1.1
    dev: false

  /@pixi/prepare/5.2.4:
    resolution: {integrity: sha512-LqVvwBTbSGhJx5lqt5B1plgXGUHhRhWh1Ek+7uBrw10fbUfVb0kH1EUvWyt1wkuap2QKvy6ITzrHsg6pBU8JSQ==}
    dependencies:
      '@pixi/core': 5.2.4
      '@pixi/display': 5.2.4
      '@pixi/graphics': 5.2.4
      '@pixi/settings': 5.2.4
      '@pixi/text': 5.2.4
      '@pixi/ticker': 5.2.4
    dev: false

  /@pixi/runner/5.2.4:
    resolution: {integrity: sha512-VLXZaldao2PT9vM/ea1H6nbUacokRqHbsBWvuJr5ugF+PLY9cGf6L5T6TGyNUuXp2b8RlIKeTxPig3kgL7CS2Q==}
    dev: false

  /@pixi/settings/5.2.4:
    resolution: {integrity: sha512-jF8oYx5nXNi6D3PdIB2RAKnCrekZ4Xb81KvWSzId2TXTC9p71oMPUqiK8pogaLOhWBUdDsVNNdjiZO2ajTmwOQ==}
    dependencies:
      ismobilejs: 1.1.1
    dev: false

  /@pixi/sprite-animated/5.2.4:
    resolution: {integrity: sha512-7+OoaHpLbHKAQe1wlY11u7gNu5KoNINJWGlsc7wFRHOW6QpNaOTaWyttpLQDfrLe0Z+rAawdqj0252nSKWRNPw==}
    dependencies:
      '@pixi/core': 5.2.4
      '@pixi/sprite': 5.2.4
      '@pixi/ticker': 5.2.4
    dev: false

  /@pixi/sprite-tiling/5.2.4:
    resolution: {integrity: sha512-eCI/L0PvsiEmASQfGH2Wxk0yh+Ze0sNJT5bID1FFZaeOLVvOuRG6dKxEF32RamB/yzrQUyOwQDMtw3Ec3ZY/YQ==}
    dependencies:
      '@pixi/constants': 5.2.4
      '@pixi/core': 5.2.4
      '@pixi/display': 5.2.4
      '@pixi/math': 5.2.4
      '@pixi/sprite': 5.2.4
      '@pixi/utils': 5.2.4
    dev: false

  /@pixi/sprite/5.2.4:
    resolution: {integrity: sha512-YsR3D/XxU4XQLXB/MkZ5sSkM24EK1TDBbTSAHjbXJR+PgrP1ZE2oA0MuUwjug4BqZdJH3BTUUZKfUfwY8grXuA==}
    dependencies:
      '@pixi/constants': 5.2.4
      '@pixi/core': 5.2.4
      '@pixi/display': 5.2.4
      '@pixi/math': 5.2.4
      '@pixi/settings': 5.2.4
      '@pixi/utils': 5.2.4
    dev: false

  /@pixi/spritesheet/5.2.4:
    resolution: {integrity: sha512-ytmc5sHXE0BmQe+QZ6SlldmPEWsqADBPQuYG3PolYkpt9Kt54vLTpFQGxS3xFGi2kHmNaKeuNSRFvfAjASOdCA==}
    dependencies:
      '@pixi/core': 5.2.4
      '@pixi/loaders': 5.2.4
      '@pixi/math': 5.2.4
      '@pixi/utils': 5.2.4
    dev: false

  /@pixi/text-bitmap/5.2.4:
    resolution: {integrity: sha512-D6XLAiVwE9NI4DWfmX4IEcfpt12ljUgRxXjXl1LM9mAVjWO2llbAvlT06w9QqJIOhncCs0QHM/ICxl22xE04hQ==}
    dependencies:
      '@pixi/core': 5.2.4
      '@pixi/display': 5.2.4
      '@pixi/loaders': 5.2.4
      '@pixi/math': 5.2.4
      '@pixi/settings': 5.2.4
      '@pixi/sprite': 5.2.4
      '@pixi/utils': 5.2.4
    dev: false

  /@pixi/text/5.2.4:
    resolution: {integrity: sha512-fxuqMuKZeiZYwCM8oJDN+wXCMt5kRWVOFDInXvUEdeR6rg369YAk3qJeSDIoPTxASJJLPJ5a7b87JsVibxxErg==}
    dependencies:
      '@pixi/core': 5.2.4
      '@pixi/math': 5.2.4
      '@pixi/settings': 5.2.4
      '@pixi/sprite': 5.2.4
      '@pixi/utils': 5.2.4
    dev: false

  /@pixi/ticker/5.2.4:
    resolution: {integrity: sha512-xM7kN+zhnv/q8WNrQ/EJKzmJBrhLcE7HtKFP2v0R3x7N76fqZu6a87C5ioNqJ8rKTThZ8wDOQ2sCN0tlapRFyg==}
    dependencies:
      '@pixi/settings': 5.2.4
    dev: false

  /@pixi/utils/5.2.4:
    resolution: {integrity: sha512-n/HFBp5MJaF8vrGUbDcf6TuaUmEW07nv96Y0c6teHhnl942pg1XITogOugnU31sW81Z9ra1BG8D39zU4JU0oSA==}
    dependencies:
      '@pixi/constants': 5.2.4
      '@pixi/settings': 5.2.4
      earcut: 2.2.4
      eventemitter3: 3.1.2
      url: 0.11.0
    dev: false

  /earcut/2.2.4:
    resolution: {integrity: sha512-/pjZsA1b4RPHbeWZQn66SWS8nZZWLQQ23oE3Eam7aroEFGEvwKAsJfZ9ytiEMycfzXWpca4FA9QIOehf7PocBQ==}
    dev: false

  /es6-promise-polyfill/1.2.0:
    resolution: {integrity: sha512-HHb0vydCpoclpd0ySPkRXMmBw80MRt1wM4RBJBlXkux97K7gleabZdsR0gvE1nNPM9mgOZIBTzjjXiPxf4lIqQ==}
    dev: false

  /eventemitter3/3.1.2:
    resolution: {integrity: sha512-tvtQIeLVHjDkJYnzf2dgVMxfuSGJeM/7UCG17TT4EumTfNtF+0nebF/4zWOIkCreAbtNqhGEboB6BWrwqNaw4Q==}
    dev: false

  /ismobilejs/1.1.1:
    resolution: {integrity: sha512-VaFW53yt8QO61k2WJui0dHf4SlL8lxBofUuUmwBo0ljPk0Drz2TiuDW4jo3wDcv41qy/SxrJ+VAzJ/qYqsmzRw==}
    dev: false

  /mini-signals/1.2.0:
    resolution: {integrity: sha512-alffqMkGCjjTSwvYMVLx+7QeJ6sTuxbXqBkP21my4iWU5+QpTQAJt3h7htA1OKm9F3BpMM0vnu72QIoiJakrLA==}
    dev: false

  /object-assign/4.1.1:
    resolution: {integrity: sha512-rJgTQnkUnH1sFw8yT6VSU3zD3sWmu6sZhIseY8VX+GRu3P6F7Fu+JNDoXfklElbLJSnc3FUQHVe4cU5hj+BcUg==}
    engines: {node: '>=0.10.0'}
    dev: false

  /parse-uri/1.0.7:
    resolution: {integrity: sha512-eWuZCMKNlVkXrEoANdXxbmqhu2SQO9jUMCSpdbJDObin0JxISn6e400EWsSRbr/czdKvWKkhZnMKEGUwf/Plmg==}
    engines: {node: '>= 0.10'}
    dev: false

  /pixi.js/5.2.4:
    resolution: {integrity: sha512-QNmWPI1VscGleR2jUDiBlH9Lq8wh5mqi6K8RRUpW3O1xOXAKDTpD/TPA9EHzkYI9axag/AcChS7aiJVnwV2ytw==}
    dependencies:
      '@pixi/accessibility': 5.2.4
      '@pixi/app': 5.2.4
      '@pixi/constants': 5.2.4
      '@pixi/core': 5.2.4
      '@pixi/display': 5.2.4
      '@pixi/extract': 5.2.4
      '@pixi/filter-alpha': 5.2.4
      '@pixi/filter-blur': 5.2.4
      '@pixi/filter-color-matrix': 5.2.4
      '@pixi/filter-displacement': 5.2.4
      '@pixi/filter-fxaa': 5.2.4
      '@pixi/filter-noise': 5.2.4
      '@pixi/graphics': 5.2.4
      '@pixi/interaction': 5.2.4
      '@pixi/loaders': 5.2.4
      '@pixi/math': 5.2.4
      '@pixi/mesh': 5.2.4
      '@pixi/mesh-extras': 5.2.4
      '@pixi/mixin-cache-as-bitmap': 5.2.4
      '@pixi/mixin-get-child-by-name': 5.2.4
      '@pixi/mixin-get-global-position': 5.2.4
      '@pixi/particles': 5.2.4
      '@pixi/polyfill': 5.2.4
      '@pixi/prepare': 5.2.4
      '@pixi/runner': 5.2.4
      '@pixi/settings': 5.2.4
      '@pixi/sprite': 5.2.4
      '@pixi/sprite-animated': 5.2.4
      '@pixi/sprite-tiling': 5.2.4
      '@pixi/spritesheet': 5.2.4
      '@pixi/text': 5.2.4
      '@pixi/text-bitmap': 5.2.4
      '@pixi/ticker': 5.2.4
      '@pixi/utils': 5.2.4
    dev: false

  /punycode/1.3.2:
    resolution: {integrity: sha512-RofWgt/7fL5wP1Y7fxE7/EmTLzQVnB0ycyibJ0OOHIlJqTNzglYFxVwETOcIoJqJmpDXJ9xImDv+Fq34F/d4Dw==}
    dev: false

  /querystring/0.2.0:
    resolution: {integrity: sha512-X/xY82scca2tau62i9mDyU9K+I+djTMUsvwf7xnUX5GLvVzgJybOJf4Y6o9Zx3oJK/LSXg5tTZBjwzqVPaPO2g==}
    engines: {node: '>=0.4.x'}
    deprecated: The querystring API is considered Legacy. new code should use the URLSearchParams API instead.
    dev: false

  /resource-loader/3.0.1:
    resolution: {integrity: sha512-fBuCRbEHdLCI1eglzQhUv9Rrdcmqkydr1r6uHE2cYHvRBrcLXeSmbE/qI/urFt8rPr/IGxir3BUwM5kUK8XoyA==}
    dependencies:
      mini-signals: 1.2.0
      parse-uri: 1.0.7
    dev: false

  /typescript/4.9.3:
    resolution: {integrity: sha512-CIfGzTelbKNEnLpLdGFgdyKhG23CKdKgQPOBc+OUNrkJ2vr+KSzsSV5kq5iWhEQbok+quxgGzrAtGWCyU7tHnA==}
    engines: {node: '>=4.2.0'}
    hasBin: true
    dev: true

  /url/0.11.0:
    resolution: {integrity: sha512-kbailJa29QrtXnxgq+DdCEGlbTeYM2eJUxsz6vjZavrCYPMIFHMKQmSKYAIuUK2i7hgPm28a8piX5NTUtM/LKQ==}
    dependencies:
      punycode: 1.3.2
      querystring: 0.2.0
    dev: false
